
Microsoft Visual Studio Solution File, Format Version 12.00
# Visual Studio Version 17
VisualStudioVersion = 17.0.32014.148
MinimumVisualStudioVersion = 10.0.40219.1
Project("{9A19103F-16F7-4668-BE54-9A1E7A4F7556}") = "TicketManagement", "TicketManagement\TicketManagement.csproj", "{D6EA48FE-5CD7-4A21-A9D9-861A1BCEFE87}"
EndProject
Global
	GlobalSection(SolutionConfigurationPlatforms) = preSolution
		Debug|Any CPU = Debug|Any CPU
		Release|Any CPU = Release|Any CPU
	EndGlobalSection
	GlobalSection(ProjectConfigurationPlatforms) = postSolution
		{D6EA48FE-5CD7-4A21-A9D9-861A1BCEFE87}.Debug|Any CPU.ActiveCfg = Debug|Any CPU
		{D6EA48FE-5CD7-4A21-A9D9-861A1BCEFE87}.Debug|Any CPU.Build.0 = Debug|Any CPU
		{D6EA48FE-5CD7-4A21-A9D9-861A1BCEFE87}.Release|Any CPU.ActiveCfg = Release|Any CPU
		{D6EA48FE-5CD7-4A21-A9D9-861A1BCEFE87}.Release|Any CPU.Build.0 = Release|Any CPU
	EndGlobalSection
	GlobalSection(SolutionProperties) = preSolution
		HideSolutionNode = FALSE
	EndGlobalSection
	GlobalSection(ExtensibilityGlobals) = postSolution
		SolutionGuid = {BCFD4877-277B-41C2-9DD3-F6575E6FADB5}
	EndGlobalSection
EndGlobal
